
Microsoft Visual Studio Solution File, Format Version 12.00
# Visual Studio Version 17
VisualStudioVersion = 17.13.35919.96 d17.13
MinimumVisualStudioVersion = 10.0.40219.1
Project("{FAE04EC0-301F-11D3-BF4B-00C04F79EFBC}") = "Braill", "Braill\Braill.csproj", "{28A9FC81-4473-486A-87FD-F439FEE9513C}"
EndProject
Global
	GlobalSection(SolutionConfigurationPlatforms) = preSolution
		Debug|Any CPU = Debug|Any CPU
		Release|Any CPU = Release|Any CPU
	EndGlobalSection
	GlobalSection(ProjectConfigurationPlatforms) = postSolution
		{28A9FC81-4473-486A-87FD-F439FEE9513C}.Debug|Any CPU.ActiveCfg = Debug|Any CPU
		{28A9FC81-4473-486A-87FD-F439FEE9513C}.Debug|Any CPU.Build.0 = Debug|Any CPU
		{28A9FC81-4473-486A-87FD-F439FEE9513C}.Release|Any CPU.ActiveCfg = Release|Any CPU
		{28A9FC81-4473-486A-87FD-F439FEE9513C}.Release|Any CPU.Build.0 = Release|Any CPU
	EndGlobalSection
	GlobalSection(SolutionProperties) = preSolution
		HideSolutionNode = FALSE
	EndGlobalSection
	GlobalSection(ExtensibilityGlobals) = postSolution
		SolutionGuid = {6D9B0BA0-34D3-464D-BD7F-8866477CA874}
	EndGlobalSection
EndGlobal
